{
    "_readme": [
        "This file locks the dependencies of your project to a known state",
        "Read more about it at https://getcomposer.org/doc/01-basic-usage.md#installing-dependencies",
        "This file is @generated automatically"
    ],
    "content-hash": "b6f98cd74e3c006025c4a146613688ba",
    "packages": [
        {
            "name": "clue/socket-raw",
            "version": "v1.6.0",
            "source": {
                "type": "git",
                "url": "https://github.com/clue/socket-raw.git",
                "reference": "91e9f619f6769f931454a9882c21ffd7623d06cb"
            },
            "dist": {
                "type": "zip",
                "url": "https://api.github.com/repos/clue/socket-raw/zipball/91e9f619f6769f931454a9882c21ffd7623d06cb",
                "reference": "91e9f619f6769f931454a9882c21ffd7623d06cb",
                "shasum": ""
            },
            "require": {
                "ext-sockets": "*",
                "php": ">=5.3"
            },
            "require-dev": {
                "phpunit/phpunit": "^9.3 || ^5.7 || ^4.8.35"
            },
            "type": "library",
            "autoload": {
                "psr-4": {
                    "Socket\\Raw\\": "src"
                }
            },
            "notification-url": "https://packagist.org/downloads/",
            "license": [
                "MIT"
            ],
            "authors": [
                {
                    "name": "Christian Lück",
                    "email": "christian@clue.engineering"
                }
            ],
            "description": "Simple and lightweight OOP wrapper for PHP's low-level sockets extension (ext-sockets).",
            "homepage": "https://github.com/clue/socket-raw",
            "keywords": [
                "Socket",
                "client",
                "datagram",
                "dgram",
                "icmp",
                "ipv6",
                "server",
                "stream",
                "tcp",
                "udg",
                "udp",
                "unix"
            ],
            "support": {
                "issues": "https://github.com/clue/socket-raw/issues",
                "source": "https://github.com/clue/socket-raw/tree/v1.6.0"
            },
            "funding": [
                {
                    "url": "https://clue.engineering/support",
                    "type": "custom"
                },
                {
                    "url": "https://github.com/clue",
                    "type": "github"
                }
            ],
            "time": "2022-04-14T14:58:06+00:00"
        },
        {
            "name": "laminas/laminas-code",
            "version": "4.13.0",
            "source": {
                "type": "git",
                "url": "https://github.com/laminas/laminas-code.git",
                "reference": "7353d4099ad5388e84737dd16994316a04f48dbf"
            },
            "dist": {
                "type": "zip",
                "url": "https://api.github.com/repos/laminas/laminas-code/zipball/7353d4099ad5388e84737dd16994316a04f48dbf",
                "reference": "7353d4099ad5388e84737dd16994316a04f48dbf",
                "shasum": ""
            },
            "require": {
                "php": "~8.1.0 || ~8.2.0 || ~8.3.0"
            },
            "require-dev": {
                "doctrine/annotations": "^2.0.1",
                "ext-phar": "*",
                "laminas/laminas-coding-standard": "^2.5.0",
                "laminas/laminas-stdlib": "^3.17.0",
                "phpunit/phpunit": "^10.3.3",
                "psalm/plugin-phpunit": "^0.18.4",
                "vimeo/psalm": "^5.15.0"
            },
            "suggest": {
                "doctrine/annotations": "Doctrine\\Common\\Annotations >=1.0 for annotation features",
                "laminas/laminas-stdlib": "Laminas\\Stdlib component"
            },
            "type": "library",
            "autoload": {
                "psr-4": {
                    "Laminas\\Code\\": "src/"
                }
            },
            "notification-url": "https://packagist.org/downloads/",
            "license": [
                "BSD-3-Clause"
            ],
            "description": "Extensions to the PHP Reflection API, static code scanning, and code generation",
            "homepage": "https://laminas.dev",
            "keywords": [
                "code",
                "laminas",
                "laminasframework"
            ],
            "support": {
                "chat": "https://laminas.dev/chat",
                "docs": "https://docs.laminas.dev/laminas-code/",
                "forum": "https://discourse.laminas.dev",
                "issues": "https://github.com/laminas/laminas-code/issues",
                "rss": "https://github.com/laminas/laminas-code/releases.atom",
                "source": "https://github.com/laminas/laminas-code"
            },
            "funding": [
                {
                    "url": "https://funding.communitybridge.org/projects/laminas-project",
                    "type": "community_bridge"
                }
            ],
            "time": "2023-10-18T10:00:55+00:00"
        },
        {
            "name": "laminas/laminas-escaper",
            "version": "2.13.0",
            "source": {
                "type": "git",
                "url": "https://github.com/laminas/laminas-escaper.git",
                "reference": "af459883f4018d0f8a0c69c7a209daef3bf973ba"
            },
            "dist": {
                "type": "zip",
                "url": "https://api.github.com/repos/laminas/laminas-escaper/zipball/af459883f4018d0f8a0c69c7a209daef3bf973ba",
                "reference": "af459883f4018d0f8a0c69c7a209daef3bf973ba",
                "shasum": ""
            },
            "require": {
                "ext-ctype": "*",
                "ext-mbstring": "*",
                "php": "~8.1.0 || ~8.2.0 || ~8.3.0"
            },
            "conflict": {
                "zendframework/zend-escaper": "*"
            },
            "require-dev": {
                "infection/infection": "^0.27.0",
                "laminas/laminas-coding-standard": "~2.5.0",
                "maglnet/composer-require-checker": "^3.8.0",
                "phpunit/phpunit": "^9.6.7",
                "psalm/plugin-phpunit": "^0.18.4",
                "vimeo/psalm": "^5.9"
            },
            "type": "library",
            "autoload": {
                "psr-4": {
                    "Laminas\\Escaper\\": "src/"
                }
            },
            "notification-url": "https://packagist.org/downloads/",
            "license": [
                "BSD-3-Clause"
            ],
            "description": "Securely and safely escape HTML, HTML attributes, JavaScript, CSS, and URLs",
            "homepage": "https://laminas.dev",
            "keywords": [
                "escaper",
                "laminas"
            ],
            "support": {
                "chat": "https://laminas.dev/chat",
                "docs": "https://docs.laminas.dev/laminas-escaper/",
                "forum": "https://discourse.laminas.dev",
                "issues": "https://github.com/laminas/laminas-escaper/issues",
                "rss": "https://github.com/laminas/laminas-escaper/releases.atom",
                "source": "https://github.com/laminas/laminas-escaper"
            },
            "funding": [
                {
                    "url": "https://funding.communitybridge.org/projects/laminas-project",
                    "type": "community_bridge"
                }
            ],
            "time": "2023-10-10T08:35:13+00:00"
        },
        {
            "name": "laminas/laminas-server",
            "version": "2.16.0",
            "source": {
                "type": "git",
                "url": "https://github.com/laminas/laminas-server.git",
                "reference": "659a56f69fc27e787385f3d713c81bc1eae01eb0"
            },
            "dist": {
                "type": "zip",
                "url": "https://api.github.com/repos/laminas/laminas-server/zipball/659a56f69fc27e787385f3d713c81bc1eae01eb0",
                "reference": "659a56f69fc27e787385f3d713c81bc1eae01eb0",
                "shasum": ""
            },
            "require": {
                "laminas/laminas-code": "^4.7.1",
                "laminas/laminas-stdlib": "^3.3.1",
                "laminas/laminas-zendframework-bridge": "^1.2.0",
                "php": "~8.1.0 || ~8.2.0 || ~8.3.0"
            },
            "replace": {
                "zendframework/zend-server": "^2.8.1"
            },
            "require-dev": {
                "laminas/laminas-coding-standard": "~2.5.0",
                "phpunit/phpunit": "^9.5.5",
                "psalm/plugin-phpunit": "^0.18.0",
                "vimeo/psalm": "^4.6.4"
            },
            "type": "library",
            "autoload": {
                "psr-4": {
                    "Laminas\\Server\\": "src/"
                }
            },
            "notification-url": "https://packagist.org/downloads/",
            "license": [
                "BSD-3-Clause"
            ],
            "description": "Create Reflection-based RPC servers",
            "homepage": "https://laminas.dev",
            "keywords": [
                "laminas",
                "server"
            ],
            "support": {
                "chat": "https://laminas.dev/chat",
                "docs": "https://docs.laminas.dev/laminas-server/",
                "forum": "https://discourse.laminas.dev",
                "issues": "https://github.com/laminas/laminas-server/issues",
                "rss": "https://github.com/laminas/laminas-server/releases.atom",
                "source": "https://github.com/laminas/laminas-server"
            },
            "funding": [
                {
                    "url": "https://funding.communitybridge.org/projects/laminas-project",
                    "type": "community_bridge"
                }
            ],
            "time": "2023-11-14T09:53:27+00:00"
        },
        {
            "name": "laminas/laminas-servicemanager",
            "version": "3.22.1",
            "source": {
                "type": "git",
                "url": "https://github.com/laminas/laminas-servicemanager.git",
                "reference": "de98d297d4743956a0558a6d71616979ff779328"
            },
            "dist": {
                "type": "zip",
                "url": "https://api.github.com/repos/laminas/laminas-servicemanager/zipball/de98d297d4743956a0558a6d71616979ff779328",
                "reference": "de98d297d4743956a0558a6d71616979ff779328",
                "shasum": ""
            },
            "require": {
                "laminas/laminas-stdlib": "^3.17",
                "php": "~8.1.0 || ~8.2.0 || ~8.3.0",
                "psr/container": "^1.0"
            },
            "conflict": {
                "ext-psr": "*",
                "laminas/laminas-code": "<4.10.0",
                "zendframework/zend-code": "<3.3.1",
                "zendframework/zend-servicemanager": "*"
            },
            "provide": {
                "psr/container-implementation": "^1.0"
            },
            "replace": {
                "container-interop/container-interop": "^1.2.0"
            },
            "require-dev": {
                "composer/package-versions-deprecated": "^1.11.99.5",
                "friendsofphp/proxy-manager-lts": "^1.0.14",
                "laminas/laminas-code": "^4.10.0",
                "laminas/laminas-coding-standard": "~2.5.0",
                "laminas/laminas-container-config-test": "^0.8",
                "mikey179/vfsstream": "^1.6.11",
                "phpbench/phpbench": "^1.2.9",
                "phpunit/phpunit": "^10.4",
                "psalm/plugin-phpunit": "^0.18.4",
                "vimeo/psalm": "^5.8.0"
            },
            "suggest": {
                "friendsofphp/proxy-manager-lts": "ProxyManager ^2.1.1 to handle lazy initialization of services"
            },
            "bin": [
                "bin/generate-deps-for-config-factory",
                "bin/generate-factory-for-class"
            ],
            "type": "library",
            "autoload": {
                "files": [
                    "src/autoload.php"
                ],
                "psr-4": {
                    "Laminas\\ServiceManager\\": "src/"
                }
            },
            "notification-url": "https://packagist.org/downloads/",
            "license": [
                "BSD-3-Clause"
            ],
            "description": "Factory-Driven Dependency Injection Container",
            "homepage": "https://laminas.dev",
            "keywords": [
                "PSR-11",
                "dependency-injection",
                "di",
                "dic",
                "laminas",
                "service-manager",
                "servicemanager"
            ],
            "support": {
                "chat": "https://laminas.dev/chat",
                "docs": "https://docs.laminas.dev/laminas-servicemanager/",
                "forum": "https://discourse.laminas.dev",
                "issues": "https://github.com/laminas/laminas-servicemanager/issues",
                "rss": "https://github.com/laminas/laminas-servicemanager/releases.atom",
                "source": "https://github.com/laminas/laminas-servicemanager"
            },
            "funding": [
                {
                    "url": "https://funding.communitybridge.org/projects/laminas-project",
                    "type": "community_bridge"
                }
            ],
            "time": "2023-10-24T11:19:47+00:00"
        },
        {
            "name": "laminas/laminas-soap",
            "version": "2.13.0",
            "source": {
                "type": "git",
                "url": "https://github.com/laminas/laminas-soap.git",
                "reference": "68fdb11ec50eb8cf73ca266643c681d36c884b7f"
            },
            "dist": {
                "type": "zip",
                "url": "https://api.github.com/repos/laminas/laminas-soap/zipball/68fdb11ec50eb8cf73ca266643c681d36c884b7f",
                "reference": "68fdb11ec50eb8cf73ca266643c681d36c884b7f",
                "shasum": ""
            },
            "require": {
                "ext-dom": "*",
                "ext-soap": "*",
                "laminas/laminas-server": "^2.15",
                "laminas/laminas-stdlib": "^3.16",
                "laminas/laminas-uri": "^2.10",
                "php": "~8.1.0 || ~8.2.0 || ~8.3.0"
            },
            "conflict": {
                "laminas/laminas-code": "<4.4",
                "zendframework/zend-soap": "*"
            },
            "require-dev": {
                "laminas/laminas-coding-standard": "^2.5",
                "laminas/laminas-config": "^3.8",
                "laminas/laminas-http": "^2.18",
                "phpspec/prophecy-phpunit": "^2.0.1",
                "phpunit/phpunit": "^9.5.27",
                "psalm/plugin-phpunit": "^0.18.4",
                "vimeo/psalm": "^4.30"
            },
            "suggest": {
                "ext-curl": "Curl is required when .NET compatibility is required",
                "laminas/laminas-http": "Laminas\\Http component"
            },
            "type": "library",
            "autoload": {
                "psr-4": {
                    "Laminas\\Soap\\": "src/"
                }
            },
            "notification-url": "https://packagist.org/downloads/",
            "license": [
                "BSD-3-Clause"
            ],
            "homepage": "https://laminas.dev",
            "keywords": [
                "laminas",
                "soap"
            ],
            "support": {
                "chat": "https://laminas.dev/chat",
                "docs": "https://docs.laminas.dev/laminas-soap/",
                "forum": "https://discourse.laminas.dev",
                "issues": "https://github.com/laminas/laminas-soap/issues",
                "rss": "https://github.com/laminas/laminas-soap/releases.atom",
                "source": "https://github.com/laminas/laminas-soap"
            },
            "funding": [
                {
                    "url": "https://funding.communitybridge.org/projects/laminas-project",
                    "type": "community_bridge"
                }
            ],
            "time": "2023-10-18T09:49:25+00:00"
        },
        {
            "name": "laminas/laminas-stdlib",
            "version": "3.18.0",
            "source": {
                "type": "git",
                "url": "https://github.com/laminas/laminas-stdlib.git",
                "reference": "e85b29076c6216e7fc98e72b42dbe1bbc3b95ecf"
            },
            "dist": {
                "type": "zip",
                "url": "https://api.github.com/repos/laminas/laminas-stdlib/zipball/e85b29076c6216e7fc98e72b42dbe1bbc3b95ecf",
                "reference": "e85b29076c6216e7fc98e72b42dbe1bbc3b95ecf",
                "shasum": ""
            },
            "require": {
                "php": "~8.1.0 || ~8.2.0 || ~8.3.0"
            },
            "conflict": {
                "zendframework/zend-stdlib": "*"
            },
            "require-dev": {
                "laminas/laminas-coding-standard": "^2.5",
                "phpbench/phpbench": "^1.2.14",
                "phpunit/phpunit": "^10.3.3",
                "psalm/plugin-phpunit": "^0.18.4",
                "vimeo/psalm": "^5.15.0"
            },
            "type": "library",
            "autoload": {
                "psr-4": {
                    "Laminas\\Stdlib\\": "src/"
                }
            },
            "notification-url": "https://packagist.org/downloads/",
            "license": [
                "BSD-3-Clause"
            ],
            "description": "SPL extensions, array utilities, error handlers, and more",
            "homepage": "https://laminas.dev",
            "keywords": [
                "laminas",
                "stdlib"
            ],
            "support": {
                "chat": "https://laminas.dev/chat",
                "docs": "https://docs.laminas.dev/laminas-stdlib/",
                "forum": "https://discourse.laminas.dev",
                "issues": "https://github.com/laminas/laminas-stdlib/issues",
                "rss": "https://github.com/laminas/laminas-stdlib/releases.atom",
                "source": "https://github.com/laminas/laminas-stdlib"
            },
            "funding": [
                {
                    "url": "https://funding.communitybridge.org/projects/laminas-project",
                    "type": "community_bridge"
                }
            ],
            "time": "2023-09-19T10:15:21+00:00"
        },
        {
            "name": "laminas/laminas-uri",
            "version": "2.11.0",
            "source": {
                "type": "git",
                "url": "https://github.com/laminas/laminas-uri.git",
                "reference": "e662c685125061d3115906e5eb30f966842cc226"
            },
            "dist": {
                "type": "zip",
                "url": "https://api.github.com/repos/laminas/laminas-uri/zipball/e662c685125061d3115906e5eb30f966842cc226",
                "reference": "e662c685125061d3115906e5eb30f966842cc226",
                "shasum": ""
            },
            "require": {
                "laminas/laminas-escaper": "^2.9",
                "laminas/laminas-validator": "^2.39",
                "php": "~8.1.0 || ~8.2.0 || ~8.3.0"
            },
            "conflict": {
                "zendframework/zend-uri": "*"
            },
            "require-dev": {
                "laminas/laminas-coding-standard": "~2.4.0",
                "phpunit/phpunit": "^9.5.25"
            },
            "type": "library",
            "autoload": {
                "psr-4": {
                    "Laminas\\Uri\\": "src/"
                }
            },
            "notification-url": "https://packagist.org/downloads/",
            "license": [
                "BSD-3-Clause"
            ],
            "description": "A component that aids in manipulating and validating » Uniform Resource Identifiers (URIs)",
            "homepage": "https://laminas.dev",
            "keywords": [
                "laminas",
                "uri"
            ],
            "support": {
                "chat": "https://laminas.dev/chat",
                "docs": "https://docs.laminas.dev/laminas-uri/",
                "forum": "https://discourse.laminas.dev",
                "issues": "https://github.com/laminas/laminas-uri/issues",
                "rss": "https://github.com/laminas/laminas-uri/releases.atom",
                "source": "https://github.com/laminas/laminas-uri"
            },
            "funding": [
                {
                    "url": "https://funding.communitybridge.org/projects/laminas-project",
                    "type": "community_bridge"
                }
            ],
            "time": "2023-10-18T09:56:55+00:00"
        },
        {
            "name": "laminas/laminas-validator",
            "version": "2.45.0",
            "source": {
                "type": "git",
                "url": "https://github.com/laminas/laminas-validator.git",
                "reference": "2a60d288ffa1acb84321c85a066dcbf96da34a50"
            },
            "dist": {
                "type": "zip",
                "url": "https://api.github.com/repos/laminas/laminas-validator/zipball/2a60d288ffa1acb84321c85a066dcbf96da34a50",
                "reference": "2a60d288ffa1acb84321c85a066dcbf96da34a50",
                "shasum": ""
            },
            "require": {
                "laminas/laminas-servicemanager": "^3.21.0",
                "laminas/laminas-stdlib": "^3.13",
                "php": "~8.1.0 || ~8.2.0 || ~8.3.0",
                "psr/http-message": "^1.0.1 || ^2.0.0"
            },
            "conflict": {
                "zendframework/zend-validator": "*"
            },
            "require-dev": {
                "laminas/laminas-coding-standard": "^2.5",
                "laminas/laminas-db": "^2.18",
                "laminas/laminas-filter": "^2.33",
                "laminas/laminas-i18n": "^2.24.1",
                "laminas/laminas-session": "^2.17",
                "laminas/laminas-uri": "^2.11.0",
                "phpunit/phpunit": "^10.5.2",
                "psalm/plugin-phpunit": "^0.18.4",
                "psr/http-client": "^1.0.3",
                "psr/http-factory": "^1.0.2",
                "vimeo/psalm": "^5.17"
            },
            "suggest": {
                "laminas/laminas-db": "Laminas\\Db component, required by the (No)RecordExists validator",
                "laminas/laminas-filter": "Laminas\\Filter component, required by the Digits validator",
                "laminas/laminas-i18n": "Laminas\\I18n component to allow translation of validation error messages",
                "laminas/laminas-i18n-resources": "Translations of validator messages",
                "laminas/laminas-servicemanager": "Laminas\\ServiceManager component to allow using the ValidatorPluginManager and validator chains",
                "laminas/laminas-session": "Laminas\\Session component, ^2.8; required by the Csrf validator",
                "laminas/laminas-uri": "Laminas\\Uri component, required by the Uri and Sitemap\\Loc validators",
                "psr/http-message": "psr/http-message, required when validating PSR-7 UploadedFileInterface instances via the Upload and UploadFile validators"
            },
            "type": "library",
            "extra": {
                "laminas": {
                    "component": "Laminas\\Validator",
                    "config-provider": "Laminas\\Validator\\ConfigProvider"
                }
            },
            "autoload": {
                "psr-4": {
                    "Laminas\\Validator\\": "src/"
                }
            },
            "notification-url": "https://packagist.org/downloads/",
            "license": [
                "BSD-3-Clause"
            ],
            "description": "Validation classes for a wide range of domains, and the ability to chain validators to create complex validation criteria",
            "homepage": "https://laminas.dev",
            "keywords": [
                "laminas",
                "validator"
            ],
            "support": {
                "chat": "https://laminas.dev/chat",
                "docs": "https://docs.laminas.dev/laminas-validator/",
                "forum": "https://discourse.laminas.dev",
                "issues": "https://github.com/laminas/laminas-validator/issues",
                "rss": "https://github.com/laminas/laminas-validator/releases.atom",
                "source": "https://github.com/laminas/laminas-validator"
            },
            "funding": [
                {
                    "url": "https://funding.communitybridge.org/projects/laminas-project",
                    "type": "community_bridge"
                }
            ],
            "time": "2023-12-18T01:12:24+00:00"
        },
        {
            "name": "laminas/laminas-zendframework-bridge",
            "version": "1.8.0",
            "source": {
                "type": "git",
                "url": "https://github.com/laminas/laminas-zendframework-bridge.git",
                "reference": "eb0d96c708b92177a92bc2239543d3ed523452c6"
            },
            "dist": {
                "type": "zip",
                "url": "https://api.github.com/repos/laminas/laminas-zendframework-bridge/zipball/eb0d96c708b92177a92bc2239543d3ed523452c6",
                "reference": "eb0d96c708b92177a92bc2239543d3ed523452c6",
                "shasum": ""
            },
            "require": {
                "php": "~8.1.0 || ~8.2.0 || ~8.3.0"
            },
            "require-dev": {
                "phpunit/phpunit": "^10.4",
                "psalm/plugin-phpunit": "^0.18.0",
                "squizlabs/php_codesniffer": "^3.7.1",
                "vimeo/psalm": "^5.16.0"
            },
            "type": "library",
            "extra": {
                "laminas": {
                    "module": "Laminas\\ZendFrameworkBridge"
                }
            },
            "autoload": {
                "files": [
                    "src/autoload.php"
                ],
                "psr-4": {
                    "Laminas\\ZendFrameworkBridge\\": "src//"
                }
            },
            "notification-url": "https://packagist.org/downloads/",
            "license": [
                "BSD-3-Clause"
            ],
            "description": "Alias legacy ZF class names to Laminas Project equivalents.",
            "keywords": [
                "ZendFramework",
                "autoloading",
                "laminas",
                "zf"
            ],
            "support": {
                "forum": "https://discourse.laminas.dev/",
                "issues": "https://github.com/laminas/laminas-zendframework-bridge/issues",
                "rss": "https://github.com/laminas/laminas-zendframework-bridge/releases.atom",
                "source": "https://github.com/laminas/laminas-zendframework-bridge"
            },
            "funding": [
                {
                    "url": "https://funding.communitybridge.org/projects/laminas-project",
                    "type": "community_bridge"
                }
            ],
            "abandoned": true,
            "time": "2023-11-24T13:56:19+00:00"
        },
        {
            "name": "nesk/puphpeteer",
            "version": "2.0.0",
            "source": {
                "type": "git",
                "url": "https://github.com/rialto-php/puphpeteer.git",
                "reference": "0d51359c98cb6500edc033260be5944b23cbf573"
            },
            "dist": {
                "type": "zip",
                "url": "https://api.github.com/repos/rialto-php/puphpeteer/zipball/0d51359c98cb6500edc033260be5944b23cbf573",
                "reference": "0d51359c98cb6500edc033260be5944b23cbf573",
                "shasum": ""
            },
            "require": {
                "nesk/rialto": "^1.2.0",
                "php": ">=7.3",
                "psr/log": "^1.0",
                "vierbergenlars/php-semver": "^3.0.2"
            },
            "require-dev": {
                "monolog/monolog": "^2.0",
                "phpunit/phpunit": "^9.0",
                "symfony/process": "^4.0|^5.0"
            },
            "type": "library",
            "autoload": {
                "psr-4": {
                    "Nesk\\Puphpeteer\\": "src/"
                }
            },
            "notification-url": "https://packagist.org/downloads/",
            "license": [
                "MIT"
            ],
            "authors": [
                {
                    "name": "Johann Pardanaud",
                    "email": "pardanaud.j@gmail.com"
                }
            ],
            "description": "A Puppeteer bridge for PHP, supporting the entire API.",
            "keywords": [
                "automation",
                "developer-tools",
                "headless-chrome",
                "php",
                "puppeteer",
                "testing",
                "web"
            ],
            "support": {
                "issues": "https://github.com/rialto-php/puphpeteer/issues",
                "source": "https://github.com/rialto-php/puphpeteer/tree/2.0.0"
            },
            "funding": [
                {
                    "url": "https://www.paypal.me/johannpardanaud",
                    "type": "custom"
                },
                {
                    "url": "https://github.com/nesk",
                    "type": "github"
                },
                {
                    "url": "https://github.com/spekulatius",
                    "type": "github"
                }
            ],
            "abandoned": true,
            "time": "2020-12-01T11:49:36+00:00"
        },
        {
            "name": "nesk/rialto",
            "version": "1.4.0",
            "source": {
                "type": "git",
                "url": "https://github.com/nesk/rialto.git",
                "reference": "a3db615d845cca42135fa1e271b323ffe904b83c"
            },
            "dist": {
                "type": "zip",
                "url": "https://api.github.com/repos/nesk/rialto/zipball/a3db615d845cca42135fa1e271b323ffe904b83c",
                "reference": "a3db615d845cca42135fa1e271b323ffe904b83c",
                "shasum": ""
            },
            "require": {
                "clue/socket-raw": "^1.2",
                "php": ">=7.1",
                "psr/log": "^1.0",
                "symfony/process": "^3.3|^4.0|^5.0"
            },
            "require-dev": {
                "codedungeon/phpunit-result-printer": ">=0.6 <1.0",
                "monolog/monolog": "^1.23",
                "phpunit/phpunit": "^6.5|^7.0"
            },
            "suggest": {
                "ext-weakref": "Required to run all the tests"
            },
            "type": "library",
            "autoload": {
                "psr-4": {
                    "Nesk\\Rialto\\": "src/"
                }
            },
            "notification-url": "https://packagist.org/downloads/",
            "license": [
                "MIT"
            ],
            "authors": [
                {
                    "name": "Johann Pardanaud",
                    "email": "pardanaud.j@gmail.com"
                }
            ],
            "description": "Manage Node resources from PHP",
            "keywords": [
                "Bridge",
                "Socket",
                "communication",
                "node",
                "php",
                "wrapper"
            ],
            "support": {
                "issues": "https://github.com/nesk/rialto/issues",
                "source": "https://github.com/nesk/rialto/tree/1.4.0"
            },
            "abandoned": true,
            "time": "2020-04-12T13:11:08+00:00"
        },
        {
            "name": "psr/container",
            "version": "1.1.2",
            "source": {
                "type": "git",
                "url": "https://github.com/php-fig/container.git",
                "reference": "513e0666f7216c7459170d56df27dfcefe1689ea"
            },
            "dist": {
                "type": "zip",
                "url": "https://api.github.com/repos/php-fig/container/zipball/513e0666f7216c7459170d56df27dfcefe1689ea",
                "reference": "513e0666f7216c7459170d56df27dfcefe1689ea",
                "shasum": ""
            },
            "require": {
                "php": ">=7.4.0"
            },
            "type": "library",
            "autoload": {
                "psr-4": {
                    "Psr\\Container\\": "src/"
                }
            },
            "notification-url": "https://packagist.org/downloads/",
            "license": [
                "MIT"
            ],
            "authors": [
                {
                    "name": "PHP-FIG",
                    "homepage": "https://www.php-fig.org/"
                }
            ],
            "description": "Common Container Interface (PHP FIG PSR-11)",
            "homepage": "https://github.com/php-fig/container",
            "keywords": [
                "PSR-11",
                "container",
                "container-interface",
                "container-interop",
                "psr"
            ],
            "support": {
                "issues": "https://github.com/php-fig/container/issues",
                "source": "https://github.com/php-fig/container/tree/1.1.2"
            },
            "time": "2021-11-05T16:50:12+00:00"
        },
        {
            "name": "psr/http-message",
            "version": "2.0",
            "source": {
                "type": "git",
                "url": "https://github.com/php-fig/http-message.git",
                "reference": "402d35bcb92c70c026d1a6a9883f06b2ead23d71"
            },
            "dist": {
                "type": "zip",
                "url": "https://api.github.com/repos/php-fig/http-message/zipball/402d35bcb92c70c026d1a6a9883f06b2ead23d71",
                "reference": "402d35bcb92c70c026d1a6a9883f06b2ead23d71",
                "shasum": ""
            },
            "require": {
                "php": "^7.2 || ^8.0"
            },
            "type": "library",
            "extra": {
                "branch-alias": {
                    "dev-master": "2.0.x-dev"
                }
            },
            "autoload": {
                "psr-4": {
                    "Psr\\Http\\Message\\": "src/"
                }
            },
            "notification-url": "https://packagist.org/downloads/",
            "license": [
                "MIT"
            ],
            "authors": [
                {
                    "name": "PHP-FIG",
                    "homepage": "https://www.php-fig.org/"
                }
            ],
            "description": "Common interface for HTTP messages",
            "homepage": "https://github.com/php-fig/http-message",
            "keywords": [
                "http",
                "http-message",
                "psr",
                "psr-7",
                "request",
                "response"
            ],
            "support": {
                "source": "https://github.com/php-fig/http-message/tree/2.0"
            },
            "time": "2023-04-04T09:54:51+00:00"
        },
        {
            "name": "psr/log",
            "version": "1.1.4",
            "source": {
                "type": "git",
                "url": "https://github.com/php-fig/log.git",
                "reference": "d49695b909c3b7628b6289db5479a1c204601f11"
            },
            "dist": {
                "type": "zip",
                "url": "https://api.github.com/repos/php-fig/log/zipball/d49695b909c3b7628b6289db5479a1c204601f11",
                "reference": "d49695b909c3b7628b6289db5479a1c204601f11",
                "shasum": ""
            },
            "require": {
                "php": ">=5.3.0"
            },
            "type": "library",
            "extra": {
                "branch-alias": {
                    "dev-master": "1.1.x-dev"
                }
            },
            "autoload": {
                "psr-4": {
                    "Psr\\Log\\": "Psr/Log/"
                }
            },
            "notification-url": "https://packagist.org/downloads/",
            "license": [
                "MIT"
            ],
            "authors": [
                {
                    "name": "PHP-FIG",
                    "homepage": "https://www.php-fig.org/"
                }
            ],
            "description": "Common interface for logging libraries",
            "homepage": "https://github.com/php-fig/log",
            "keywords": [
                "log",
                "psr",
                "psr-3"
            ],
            "support": {
                "source": "https://github.com/php-fig/log/tree/1.1.4"
            },
            "time": "2021-05-03T11:20:27+00:00"
        },
        {
            "name": "symfony/polyfill-php80",
            "version": "v1.28.0",
            "source": {
                "type": "git",
                "url": "https://github.com/symfony/polyfill-php80.git",
                "reference": "6caa57379c4aec19c0a12a38b59b26487dcfe4b5"
            },
            "dist": {
                "type": "zip",
                "url": "https://api.github.com/repos/symfony/polyfill-php80/zipball/6caa57379c4aec19c0a12a38b59b26487dcfe4b5",
                "reference": "6caa57379c4aec19c0a12a38b59b26487dcfe4b5",
                "shasum": ""
            },
            "require": {
                "php": ">=7.1"
            },
            "type": "library",
            "extra": {
                "branch-alias": {
                    "dev-main": "1.28-dev"
                },
                "thanks": {
                    "name": "symfony/polyfill",
                    "url": "https://github.com/symfony/polyfill"
                }
            },
            "autoload": {
                "files": [
                    "bootstrap.php"
                ],
                "psr-4": {
                    "Symfony\\Polyfill\\Php80\\": ""
                },
                "classmap": [
                    "Resources/stubs"
                ]
            },
            "notification-url": "https://packagist.org/downloads/",
            "license": [
                "MIT"
            ],
            "authors": [
                {
                    "name": "Ion Bazan",
                    "email": "ion.bazan@gmail.com"
                },
                {
                    "name": "Nicolas Grekas",
                    "email": "p@tchwork.com"
                },
                {
                    "name": "Symfony Community",
                    "homepage": "https://symfony.com/contributors"
                }
            ],
            "description": "Symfony polyfill backporting some PHP 8.0+ features to lower PHP versions",
            "homepage": "https://symfony.com",
            "keywords": [
                "compatibility",
                "polyfill",
                "portable",
                "shim"
            ],
            "support": {
                "source": "https://github.com/symfony/polyfill-php80/tree/v1.28.0"
            },
            "funding": [
                {
                    "url": "https://symfony.com/sponsor",
                    "type": "custom"
                },
                {
                    "url": "https://github.com/fabpot",
                    "type": "github"
                },
                {
                    "url": "https://tidelift.com/funding/github/packagist/symfony/symfony",
                    "type": "tidelift"
                }
            ],
            "time": "2023-01-26T09:26:14+00:00"
        },
        {
            "name": "symfony/process",
            "version": "v5.4.28",
            "source": {
                "type": "git",
                "url": "https://github.com/symfony/process.git",
                "reference": "45261e1fccad1b5447a8d7a8e67aa7b4a9798b7b"
            },
            "dist": {
                "type": "zip",
                "url": "https://api.github.com/repos/symfony/process/zipball/45261e1fccad1b5447a8d7a8e67aa7b4a9798b7b",
                "reference": "45261e1fccad1b5447a8d7a8e67aa7b4a9798b7b",
                "shasum": ""
            },
            "require": {
                "php": ">=7.2.5",
                "symfony/polyfill-php80": "^1.16"
            },
            "type": "library",
            "autoload": {
                "psr-4": {
                    "Symfony\\Component\\Process\\": ""
                },
                "exclude-from-classmap": [
                    "/Tests/"
                ]
            },
            "notification-url": "https://packagist.org/downloads/",
            "license": [
                "MIT"
            ],
            "authors": [
                {
                    "name": "Fabien Potencier",
                    "email": "fabien@symfony.com"
                },
                {
                    "name": "Symfony Community",
                    "homepage": "https://symfony.com/contributors"
                }
            ],
            "description": "Executes commands in sub-processes",
            "homepage": "https://symfony.com",
            "support": {
                "source": "https://github.com/symfony/process/tree/v5.4.28"
            },
            "funding": [
                {
                    "url": "https://symfony.com/sponsor",
                    "type": "custom"
                },
                {
                    "url": "https://github.com/fabpot",
                    "type": "github"
                },
                {
                    "url": "https://tidelift.com/funding/github/packagist/symfony/symfony",
                    "type": "tidelift"
                }
            ],
            "time": "2023-08-07T10:36:04+00:00"
        },
        {
            "name": "vierbergenlars/php-semver",
            "version": "v3.0.4",
            "source": {
                "type": "git",
                "url": "https://github.com/vierbergenlars/php-semver.git",
                "reference": "ff2f5b33f33a1e702a09c6f91f3ea34f5cf78bdf"
            },
            "dist": {
                "type": "zip",
                "url": "https://api.github.com/repos/vierbergenlars/php-semver/zipball/ff2f5b33f33a1e702a09c6f91f3ea34f5cf78bdf",
                "reference": "ff2f5b33f33a1e702a09c6f91f3ea34f5cf78bdf",
                "shasum": ""
            },
            "require": {
                "php": ">=5.3.0"
            },
            "require-dev": {
                "phpunit/phpunit": "^9.5.21"
            },
            "bin": [
                "bin/semver",
                "bin/update-versions"
            ],
            "type": "library",
            "autoload": {
                "psr-0": {
                    "vierbergenlars\\LibJs\\": "src/",
                    "vierbergenlars\\SemVer\\": "src/"
                },
                "classmap": [
                    "src/vierbergenlars/SemVer/internal.php"
                ]
            },
            "notification-url": "https://packagist.org/downloads/",
            "license": [
                "MIT"
            ],
            "authors": [
                {
                    "name": "Lars Vierbergen",
                    "email": "vierbergenlars@gmail.com"
                }
            ],
            "description": "The Semantic Versioner for PHP",
            "keywords": [
                "semantic",
                "semver",
                "versioning"
            ],
            "support": {
                "issues": "https://github.com/vierbergenlars/php-semver/issues",
                "source": "https://github.com/vierbergenlars/php-semver/tree/v3.0.4"
            },
            "abandoned": "composer/semver",
            "time": "2023-05-02T06:45:47+00:00"
        }
    ],
    "packages-dev": [],
    "aliases": [],
    "minimum-stability": "stable",
    "stability-flags": [],
    "prefer-stable": false,
    "prefer-lowest": false,
    "platform": [],
    "platform-dev": [],
    "plugin-api-version": "2.6.0"
}
